// !$*UTF8*$!
{
	archiveVersion = 1;
	classes = {
	};
	objectVersion = 46;
	objects = {

/* Begin PBXBuildFile section */
		633EFF7E1E9E0B9E0054D21B /* AppDelegate.swift in Sources */ = {isa = PBXBuildFile; fileRef = 633EFF7D1E9E0B9E0054D21B /* AppDelegate.swift */; };
		633EFF801E9E0B9E0054D21B /* ViewController.swift in Sources */ = {isa = PBXBuildFile; fileRef = 633EFF7F1E9E0B9E0054D21B /* ViewController.swift */; };
		633EFF831E9E0B9E0054D21B /* Main.storyboard in Resources */ = {isa = PBXBuildFile; fileRef = 633EFF811E9E0B9E0054D21B /* Main.storyboard */; };
		633EFF851E9E0B9E0054D21B /* Assets.xcassets in Resources */ = {isa = PBXBuildFile; fileRef = 633EFF841E9E0B9E0054D21B /* Assets.xcassets */; };
		633EFF881E9E0B9E0054D21B /* LaunchScreen.storyboard in Resources */ = {isa = PBXBuildFile; fileRef = 633EFF861E9E0B9E0054D21B /* LaunchScreen.storyboard */; };
		633EFF931E9E0B9E0054D21B /* UnitTestLessonTests.swift in Sources */ = {isa = PBXBuildFile; fileRef = 633EFF921E9E0B9E0054D21B /* UnitTestLessonTests.swift */; };
		633EFF9E1E9E0BF30054D21B /* TwoStrings.swift in Sources */ = {isa = PBXBuildFile; fileRef = 633EFF9D1E9E0BF30054D21B /* TwoStrings.swift */; };
		633EFFA01E9E0DA80054D21B /* TwoStringsTests.swift in Sources */ = {isa = PBXBuildFile; fileRef = 633EFF9F1E9E0DA80054D21B /* TwoStringsTests.swift */; };
		6395D32B20887305003EE2D3 /* MyClass.swift in Sources */ = {isa = PBXBuildFile; fileRef = 6395D32A20887305003EE2D3 /* MyClass.swift */; };
		6395D32D2088737D003EE2D3 /* MyClassTest.swift in Sources */ = {isa = PBXBuildFile; fileRef = 6395D32C2088737D003EE2D3 /* MyClassTest.swift */; };
/* End PBXBuildFile section */

/* Begin PBXContainerItemProxy section */
		633EFF8F1E9E0B9E0054D21B /* PBXContainerItemProxy */ = {
			isa = PBXContainerItemProxy;
			containerPortal = 633EFF721E9E0B9E0054D21B /* Project object */;
			proxyType = 1;
			remoteGlobalIDString = 633EFF791E9E0B9E0054D21B;
			remoteInfo = UnitTestLesson;
		};
/* End PBXContainerItemProxy section */

/* Begin PBXFileReference section */
		633EFF7A1E9E0B9E0054D21B /* UnitTestLesson.app */ = {isa = PBXFileReference; explicitFileType = wrapper.application; includeInIndex = 0; path = UnitTestLesson.app; sourceTree = BUILT_PRODUCTS_DIR; };
		633EFF7D1E9E0B9E0054D21B /* AppDelegate.swift */ = {isa = PBXFileReference; lastKnownFileType = sourcecode.swift; path = AppDelegate.swift; sourceTree = "<group>"; };
		633EFF7F1E9E0B9E0054D21B /* ViewController.swift */ = {isa = PBXFileReference; lastKnownFileType = sourcecode.swift; path = ViewController.swift; sourceTree = "<group>"; };
		633EFF821E9E0B9E0054D21B /* Base */ = {isa = PBXFileReference; lastKnownFileType = file.storyboard; name = Base; path = Base.lproj/Main.storyboard; sourceTree = "<group>"; };
		633EFF841E9E0B9E0054D21B /* Assets.xcassets */ = {isa = PBXFileReference; lastKnownFileType = folder.assetcatalog; path = Assets.xcassets; sourceTree = "<group>"; };
		633EFF871E9E0B9E0054D21B /* Base */ = {isa = PBXFileReference; lastKnownFileType = file.storyboard; name = Base; path = Base.lproj/LaunchScreen.storyboard; sourceTree = "<group>"; };
		633EFF891E9E0B9E0054D21B /* Info.plist */ = {isa = PBXFileReference; lastKnownFileType = text.plist.xml; path = Info.plist; sourceTree = "<group>"; };
		633EFF8E1E9E0B9E0054D21B /* UnitTestLessonTests.xctest */ = {isa = PBXFileReference; explicitFileType = wrapper.cfbundle; includeInIndex = 0; path = UnitTestLessonTests.xctest; sourceTree = BUILT_PRODUCTS_DIR; };
		633EFF921E9E0B9E0054D21B /* UnitTestLessonTests.swift */ = {isa = PBXFileReference; lastKnownFileType = sourcecode.swift; path = UnitTestLessonTests.swift; sourceTree = "<group>"; };
		633EFF941E9E0B9E0054D21B /* Info.plist */ = {isa = PBXFileReference; lastKnownFileType = text.plist.xml; path = Info.plist; sourceTree = "<group>"; };
		633EFF9D1E9E0BF30054D21B /* TwoStrings.swift */ = {isa = PBXFileReference; fileEncoding = 4; lastKnownFileType = sourcecode.swift; path = TwoStrings.swift; sourceTree = "<group>"; };
		633EFF9F1E9E0DA80054D21B /* TwoStringsTests.swift */ = {isa = PBXFileReference; fileEncoding = 4; lastKnownFileType = sourcecode.swift; path = TwoStringsTests.swift; sourceTree = "<group>"; };
		6395D32A20887305003EE2D3 /* MyClass.swift */ = {isa = PBXFileReference; lastKnownFileType = sourcecode.swift; path = MyClass.swift; sourceTree = "<group>"; };
		6395D32C2088737D003EE2D3 /* MyClassTest.swift */ = {isa = PBXFileReference; lastKnownFileType = sourcecode.swift; path = MyClassTest.swift; sourceTree = "<group>"; };
/* End PBXFileReference section */

/* Begin PBXFrameworksBuildPhase section */
		633EFF771E9E0B9E0054D21B /* Frameworks */ = {
			isa = PBXFrameworksBuildPhase;
			buildActionMask = 2147483647;
			files = (
			);
			runOnlyForDeploymentPostprocessing = 0;
		};
		633EFF8B1E9E0B9E0054D21B /* Frameworks */ = {
			isa = PBXFrameworksBuildPhase;
			buildActionMask = 2147483647;
			files = (
			);
			runOnlyForDeploymentPostprocessing = 0;
		};
/* End PBXFrameworksBuildPhase section */

/* Begin PBXGroup section */
		633EFF711E9E0B9E0054D21B = {
			isa = PBXGroup;
			children = (
				633EFF7C1E9E0B9E0054D21B /* UnitTestLesson */,
				633EFF911E9E0B9E0054D21B /* UnitTestLessonTests */,
				633EFF7B1E9E0B9E0054D21B /* Products */,
			);
			sourceTree = "<group>";
		};
		633EFF7B1E9E0B9E0054D21B /* Products */ = {
			isa = PBXGroup;
			children = (
				633EFF7A1E9E0B9E0054D21B /* UnitTestLesson.app */,
				633EFF8E1E9E0B9E0054D21B /* UnitTestLessonTests.xctest */,
			);
			name = Products;
			sourceTree = "<group>";
		};
		633EFF7C1E9E0B9E0054D21B /* UnitTestLesson */ = {
			isa = PBXGroup;
			children = (
				633EFF7D1E9E0B9E0054D21B /* AppDelegate.swift */,
				633EFF7F1E9E0B9E0054D21B /* ViewController.swift */,
				633EFF811E9E0B9E0054D21B /* Main.storyboard */,
				633EFF841E9E0B9E0054D21B /* Assets.xcassets */,
				633EFF861E9E0B9E0054D21B /* LaunchScreen.storyboard */,
				633EFF891E9E0B9E0054D21B /* Info.plist */,
				633EFF9D1E9E0BF30054D21B /* TwoStrings.swift */,
				6395D32A20887305003EE2D3 /* MyClass.swift */,
			);
			path = UnitTestLesson;
			sourceTree = "<group>";
		};
		633EFF911E9E0B9E0054D21B /* UnitTestLessonTests */ = {
			isa = PBXGroup;
			children = (
				6395D32C2088737D003EE2D3 /* MyClassTest.swift */,
				633EFF921E9E0B9E0054D21B /* UnitTestLessonTests.swift */,
				633EFF9F1E9E0DA80054D21B /* TwoStringsTests.swift */,
				633EFF941E9E0B9E0054D21B /* Info.plist */,
			);
			path = UnitTestLessonTests;
			sourceTree = "<group>";
		};
/* End PBXGroup section */

/* Begin PBXNativeTarget section */
		633EFF791E9E0B9E0054D21B /* UnitTestLesson */ = {
			isa = PBXNativeTarget;
			buildConfigurationList = 633EFF971E9E0B9E0054D21B /* Build configuration list for PBXNativeTarget "UnitTestLesson" */;
			buildPhases = (
				633EFF761E9E0B9E0054D21B /* Sources */,
				633EFF771E9E0B9E0054D21B /* Frameworks */,
				633EFF781E9E0B9E0054D21B /* Resources */,
			);
			buildRules = (
			);
			dependencies = (
			);
			name = UnitTestLesson;
			productName = UnitTestLesson;
			productReference = 633EFF7A1E9E0B9E0054D21B /* UnitTestLesson.app */;
			productType = "com.apple.product-type.application";
		};
		633EFF8D1E9E0B9E0054D21B /* UnitTestLessonTests */ = {
			isa = PBXNativeTarget;
			buildConfigurationList = 633EFF9A1E9E0B9E0054D21B /* Build configuration list for PBXNativeTarget "UnitTestLessonTests" */;
			buildPhases = (
				633EFF8A1E9E0B9E0054D21B /* Sources */,
				633EFF8B1E9E0B9E0054D21B /* Frameworks */,
				633EFF8C1E9E0B9E0054D21B /* Resources */,
			);
			buildRules = (
			);
			dependencies = (
				633EFF901E9E0B9E0054D21B /* PBXTargetDependency */,
			);
			name = UnitTestLessonTests;
			productName = UnitTestLessonTests;
			productReference = 633EFF8E1E9E0B9E0054D21B /* UnitTestLessonTests.xctest */;
			productType = "com.apple.product-type.bundle.unit-test";
		};
/* End PBXNativeTarget section */

/* Begin PBXProject section */
		633EFF721E9E0B9E0054D21B /* Project object */ = {
			isa = PBXProject;
			attributes = {
				LastSwiftUpdateCheck = 0830;
				LastUpgradeCheck = 0830;
				ORGANIZATIONNAME = "David Svensson";
				TargetAttributes = {
					633EFF791E9E0B9E0054D21B = {
						CreatedOnToolsVersion = 8.3.1;
						LastSwiftMigration = 0920;
						ProvisioningStyle = Automatic;
					};
					633EFF8D1E9E0B9E0054D21B = {
						CreatedOnToolsVersion = 8.3.1;
						LastSwiftMigration = 0920;
						ProvisioningStyle = Automatic;
						TestTargetID = 633EFF791E9E0B9E0054D21B;
					};
				};
			};
			buildConfigurationList = 633EFF751E9E0B9E0054D21B /* Build configuration list for PBXProject "UnitTestLesson" */;
			compatibilityVersion = "Xcode 3.2";
			developmentRegion = English;
			hasScannedForEncodings = 0;
			knownRegions = (
				en,
				Base,
			);
			mainGroup = 633EFF711E9E0B9E0054D21B;
			productRefGroup = 633EFF7B1E9E0B9E0054D21B /* Products */;
			projectDirPath = "";
			projectRoot = "";
			targets = (
				633EFF791E9E0B9E0054D21B /* UnitTestLesson */,
				633EFF8D1E9E0B9E0054D21B /* UnitTestLessonTests */,
			);
		};
/* End PBXProject section */

/* Begin PBXResourcesBuildPhase section */
		633EFF781E9E0B9E0054D21B /* Resources */ = {
			isa = PBXResourcesBuildPhase;
			buildActionMask = 2147483647;
			files = (
				633EFF881E9E0B9E0054D21B /* LaunchScreen.storyboard in Resources */,
				633EFF851E9E0B9E0054D21B /* Assets.xcassets in Resources */,
				633EFF831E9E0B9E0054D21B /* Main.storyboard in Resources */,
			);
			runOnlyForDeploymentPostprocessing = 0;
		};
		633EFF8C1E9E0B9E0054D21B /* Resources */ = {
			isa = PBXResourcesBuildPhase;
			buildActionMask = 2147483647;
			files = (
			);
			runOnlyForDeploymentPostprocessing = 0;
		};
/* End PBXResourcesBuildPhase section */

/* Begin PBXSourcesBuildPhase section */
		633EFF761E9E0B9E0054D21B /* Sources */ = {
			isa = PBXSourcesBuildPhase;
			buildActionMask = 2147483647;
			files = (
				6395D32B20887305003EE2D3 /* MyClass.swift in Sources */,
				633EFF801E9E0B9E0054D21B /* ViewController.swift in Sources */,
				633EFF9E1E9E0BF30054D21B /* TwoStrings.swift in Sources */,
				633EFF7E1E9E0B9E0054D21B /* AppDelegate.swift in Sources */,
			);
			runOnlyForDeploymentPostprocessing = 0;
		};
		633EFF8A1E9E0B9E0054D21B /* Sources */ = {
			isa = PBXSourcesBuildPhase;
			buildActionMask = 2147483647;
			files = (
				6395D32D2088737D003EE2D3 /* MyClassTest.swift in Sources */,
				633EFF931E9E0B9E0054D21B /* UnitTestLessonTests.swift in Sources */,
				633EFFA01E9E0DA80054D21B /* TwoStringsTests.swift in Sources */,
			);
			runOnlyForDeploymentPostprocessing = 0;
		};
/* End PBXSourcesBuildPhase section */

/* Begin PBXTargetDependency section */
		633EFF901E9E0B9E0054D21B /* PBXTargetDependency */ = {
			isa = PBXTargetDependency;
			target = 633EFF791E9E0B9E0054D21B /* UnitTestLesson */;
			targetProxy = 633EFF8F1E9E0B9E0054D21B /* PBXContainerItemProxy */;
		};
/* End PBXTargetDependency section */

/* Begin PBXVariantGroup section */
		633EFF811E9E0B9E0054D21B /* Main.storyboard */ = {
			isa = PBXVariantGroup;
			children = (
				633EFF821E9E0B9E0054D21B /* Base */,
			);
			name = Main.storyboard;
			sourceTree = "<group>";
		};
		633EFF861E9E0B9E0054D21B /* LaunchScreen.storyboard */ = {
			isa = PBXVariantGroup;
			children = (
				633EFF871E9E0B9E0054D21B /* Base */,
			);
			name = LaunchScreen.storyboard;
			sourceTree = "<group>";
		};
/* End PBXVariantGroup section */

/* Begin XCBuildConfiguration section */
		633EFF951E9E0B9E0054D21B /* Debug */ = {
			isa = XCBuildConfiguration;
			buildSettings = {
				ALWAYS_SEARCH_USER_PATHS = NO;
				CLANG_ANALYZER_NONNULL = YES;
				CLANG_ANALYZER_NUMBER_OBJECT_CONVERSION = YES_AGGRESSIVE;
				CLANG_CXX_LANGUAGE_STANDARD = "gnu++0x";
				CLANG_CXX_LIBRARY = "libc++";
				CLANG_ENABLE_MODULES = YES;
				CLANG_ENABLE_OBJC_ARC = YES;
				CLANG_WARN_BOOL_CONVERSION = YES;
				CLANG_WARN_CONSTANT_CONVERSION = YES;
				CLANG_WARN_DIRECT_OBJC_ISA_USAGE = YES_ERROR;
				CLANG_WARN_DOCUMENTATION_COMMENTS = YES;
				CLANG_WARN_EMPTY_BODY = YES;
				CLANG_WARN_ENUM_CONVERSION = YES;
				CLANG_WARN_INFINITE_RECURSION = YES;
				CLANG_WARN_INT_CONVERSION = YES;
				CLANG_WARN_OBJC_ROOT_CLASS = YES_ERROR;
				CLANG_WARN_SUSPICIOUS_MOVE = YES;
				CLANG_WARN_UNREACHABLE_CODE = YES;
				CLANG_WARN__DUPLICATE_METHOD_MATCH = YES;
				"CODE_SIGN_IDENTITY[sdk=iphoneos*]" = "iPhone Developer";
				COPY_PHASE_STRIP = NO;
				DEBUG_INFORMATION_FORMAT = dwarf;
				ENABLE_STRICT_OBJC_MSGSEND = YES;
				ENABLE_TESTABILITY = YES;
				GCC_C_LANGUAGE_STANDARD = gnu99;
				GCC_DYNAMIC_NO_PIC = NO;
				GCC_NO_COMMON_BLOCKS = YES;
				GCC_OPTIMIZATION_LEVEL = 0;
				GCC_PREPROCESSOR_DEFINITIONS = (
					"DEBUG=1",
					"$(inherited)",
				);
				GCC_WARN_64_TO_32_BIT_CONVERSION = YES;
				GCC_WARN_ABOUT_RETURN_TYPE = YES_ERROR;
				GCC_WARN_UNDECLARED_SELECTOR = YES;
				GCC_WARN_UNINITIALIZED_AUTOS = YES_AGGRESSIVE;
				GCC_WARN_UNUSED_FUNCTION = YES;
				GCC_WARN_UNUSED_VARIABLE = YES;
				IPHONEOS_DEPLOYMENT_TARGET = 10.3;
				MTL_ENABLE_DEBUG_INFO = YES;
				ONLY_ACTIVE_ARCH = YES;
				SDKROOT = iphoneos;
				SWIFT_ACTIVE_COMPILATION_CONDITIONS = DEBUG;
				SWIFT_OPTIMIZATION_LEVEL = "-Onone";
				TARGETED_DEVICE_FAMILY = "1,2";
			};
			name = Debug;
		};
		633EFF961E9E0B9E0054D21B /* Release */ = {
			isa = XCBuildConfiguration;
			buildSettings = {
				ALWAYS_SEARCH_USER_PATHS = NO;
				CLANG_ANALYZER_NONNULL = YES;
				CLANG_ANALYZER_NUMBER_OBJECT_CONVERSION = YES_AGGRESSIVE;
				CLANG_CXX_LANGUAGE_STANDARD = "gnu++0x";
				CLANG_CXX_LIBRARY = "libc++";
				CLANG_ENABLE_MODULES = YES;
				CLANG_ENABLE_OBJC_ARC = YES;
				CLANG_WARN_BOOL_CONVERSION = YES;
				CLANG_WARN_CONSTANT_CONVERSION = YES;
				CLANG_WARN_DIRECT_OBJC_ISA_USAGE = YES_ERROR;
				CLANG_WARN_DOCUMENTATION_COMMENTS = YES;
				CLANG_WARN_EMPTY_BODY = YES;
				CLANG_WARN_ENUM_CONVERSION = YES;
				CLANG_WARN_INFINITE_RECURSION = YES;
				CLANG_WARN_INT_CONVERSION = YES;
				CLANG_WARN_OBJC_ROOT_CLASS = YES_ERROR;
				CLANG_WARN_SUSPICIOUS_MOVE = YES;
				CLANG_WARN_UNREACHABLE_CODE = YES;
				CLANG_WARN__DUPLICATE_METHOD_MATCH = YES;
				"CODE_SIGN_IDENTITY[sdk=iphoneos*]" = "iPhone Developer";
				COPY_PHASE_STRIP = NO;
				DEBUG_INFORMATION_FORMAT = "dwarf-with-dsym";
				ENABLE_NS_ASSERTIONS = NO;
				ENABLE_STRICT_OBJC_MSGSEND = YES;
				GCC_C_LANGUAGE_STANDARD = gnu99;
				GCC_NO_COMMON_BLOCKS = YES;
				GCC_WARN_64_TO_32_BIT_CONVERSION = YES;
				GCC_WARN_ABOUT_RETURN_TYPE = YES_ERROR;
				GCC_WARN_UNDECLARED_SELECTOR = YES;
				GCC_WARN_UNINITIALIZED_AUTOS = YES_AGGRESSIVE;
				GCC_WARN_UNUSED_FUNCTION = YES;
				GCC_WARN_UNUSED_VARIABLE = YES;
				IPHONEOS_DEPLOYMENT_TARGET = 10.3;
				MTL_ENABLE_DEBUG_INFO = NO;
				SDKROOT = iphoneos;
				SWIFT_OPTIMIZATION_LEVEL = "-Owholemodule";
				TARGETED_DEVICE_FAMILY = "1,2";
				VALIDATE_PRODUCT = YES;
			};
			name = Release;
		};
		633EFF981E9E0B9E0054D21B /* Debug */ = {
			isa = XCBuildConfiguration;
			buildSettings = {
				ASSETCATALOG_COMPILER_APPICON_NAME = AppIcon;
				INFOPLIST_FILE = UnitTestLesson/Info.plist;
				LD_RUNPATH_SEARCH_PATHS = "$(inherited) @executable_path/Frameworks";
				PRODUCT_BUNDLE_IDENTIFIER = se.nackademin.ma16.UnitTestLesson;
				PRODUCT_NAME = "$(TARGET_NAME)";
				SWIFT_SWIFT3_OBJC_INFERENCE = On;
				SWIFT_VERSION = 4.0;
			};
			name = Debug;
		};
		633EFF991E9E0B9E0054D21B /* Release */ = {
			isa = XCBuildConfiguration;
			buildSettings = {
				ASSETCATALOG_COMPILER_APPICON_NAME = AppIcon;
				INFOPLIST_FILE = UnitTestLesson/Info.plist;
				LD_RUNPATH_SEARCH_PATHS = "$(inherited) @executable_path/Frameworks";
				PRODUCT_BUNDLE_IDENTIFIER = se.nackademin.ma16.UnitTestLesson;
				PRODUCT_NAME = "$(TARGET_NAME)";
				SWIFT_SWIFT3_OBJC_INFERENCE = On;
				SWIFT_VERSION = 4.0;
			};
			name = Release;
		};
		633EFF9B1E9E0B9E0054D21B /* Debug */ = {
			isa = XCBuildConfiguration;
			buildSettings = {
				ALWAYS_EMBED_SWIFT_STANDARD_LIBRARIES = YES;
				BUNDLE_LOADER = "$(TEST_HOST)";
				INFOPLIST_FILE = UnitTestLessonTests/Info.plist;
				LD_RUNPATH_SEARCH_PATHS = "$(inherited) @executable_path/Frameworks @loader_path/Frameworks";
				PRODUCT_BUNDLE_IDENTIFIER = se.nackademin.ma16.UnitTestLessonTests;
				PRODUCT_NAME = "$(TARGET_NAME)";
				SWIFT_SWIFT3_OBJC_INFERENCE = On;
				SWIFT_VERSION = 4.0;
				TEST_HOST = "$(BUILT_PRODUCTS_DIR)/UnitTestLesson.app/UnitTestLesson";
			};
			name = Debug;
		};
		633EFF9C1E9E0B9E0054D21B /* Release */ = {
			isa = XCBuildConfiguration;
			buildSettings = {
				ALWAYS_EMBED_SWIFT_STANDARD_LIBRARIES = YES;
				BUNDLE_LOADER = "$(TEST_HOST)";
				INFOPLIST_FILE = UnitTestLessonTests/Info.plist;
				LD_RUNPATH_SEARCH_PATHS = "$(inherited) @executable_path/Frameworks @loader_path/Frameworks";
				PRODUCT_BUNDLE_IDENTIFIER = se.nackademin.ma16.UnitTestLessonTests;
				PRODUCT_NAME = "$(TARGET_NAME)";
				SWIFT_SWIFT3_OBJC_INFERENCE = On;
				SWIFT_VERSION = 4.0;
				TEST_HOST = "$(BUILT_PRODUCTS_DIR)/UnitTestLesson.app/UnitTestLesson";
			};
			name = Release;
		};
/* End XCBuildConfiguration section */

/* Begin XCConfigurationList section */
		633EFF751E9E0B9E0054D21B /* Build configuration list for PBXProject "UnitTestLesson" */ = {
			isa = XCConfigurationList;
			buildConfigurations = (
				633EFF951E9E0B9E0054D21B /* Debug */,
				633EFF961E9E0B9E0054D21B /* Release */,
			);
			defaultConfigurationIsVisible = 0;
			defaultConfigurationName = Release;
		};
		633EFF971E9E0B9E0054D21B /* Build configuration list for PBXNativeTarget "UnitTestLesson" */ = {
			isa = XCConfigurationList;
			buildConfigurations = (
				633EFF981E9E0B9E0054D21B /* Debug */,
				633EFF991E9E0B9E0054D21B /* Release */,
			);
			defaultConfigurationIsVisible = 0;
			defaultConfigurationName = Release;
		};
		633EFF9A1E9E0B9E0054D21B /* Build configuration list for PBXNativeTarget "UnitTestLessonTests" */ = {
			isa = XCConfigurationList;
			buildConfigurations = (
				633EFF9B1E9E0B9E0054D21B /* Debug */,
				633EFF9C1E9E0B9E0054D21B /* Release */,
			);
			defaultConfigurationIsVisible = 0;
			defaultConfigurationName = Release;
		};
/* End XCConfigurationList section */
	};
	rootObject = 633EFF721E9E0B9E0054D21B /* Project object */;
}
